%{"certifi": {:hex, :certifi, "0.4.0", "a7966efb868b179023618d29a407548f70c52466bf1849b9e8ebd0e34b7ea11f", [:rebar3], []},
  "codepagex": {:hex, :codepagex, "0.1.3", "35cb0d6731c44b07ce619c20da0501be0e0832abaf131063889ad4473aab6abe", [:mix], []},
  "combine": {:hex, :combine, "0.9.1", "5fd778ee77032ae593bf79aedb8519d9e36283e4f869abd98c2d6029ca476db8", [:mix], []},
  "cowboy": {:hex, :cowboy, "1.0.4", "a324a8df9f2316c833a470d918aaf73ae894278b8aa6226ce7a9bf699388f878", [:rebar, :make], [{:cowlib, "~> 1.0.0", [hex: :cowlib, optional: false]}, {:ranch, "~> 1.0", [hex: :ranch, optional: false]}]},
  "cowlib": {:hex, :cowlib, "1.0.2", "9d769a1d062c9c3ac753096f868ca121e2730b9a377de23dec0f7e08b1df84ee", [:make], []},
  "exfswatch": {:hex, :exfswatch, "0.2.0", "688b4e67980739d0b880eb9cf1fbfe374e54e79e88955fd9915c49e4d9afef26", [:mix], []},
  "exsync": {:hex, :exsync, "0.1.2", "8913852c49729ad186a7dd2d6ada51978e34ac212bf77155e2643742f19bf2f9", [:mix], [{:exfswatch, "~> 0.1", [hex: :exfswatch, optional: false]}]},
  "floki": {:hex, :floki, "0.9.0", "e952ca71a453f7827ab5405106ac8d9ac5c9602d18aa5d2d893e5b9944e2499e", [:mix], [{:mochiweb_html, "~> 2.15", [hex: :mochiweb_html, optional: false]}]},
  "gettext": {:hex, :gettext, "0.11.0", "80c1dd42d270482418fa158ec5ba073d2980e3718bacad86f3d4ad71d5667679", [:mix], []},
  "hackney": {:hex, :hackney, "1.6.1", "ddd22d42db2b50e6a155439c8811b8f6df61a4395de10509714ad2751c6da817", [:rebar3], [{:certifi, "0.4.0", [hex: :certifi, optional: false]}, {:idna, "1.2.0", [hex: :idna, optional: false]}, {:metrics, "1.0.1", [hex: :metrics, optional: false]}, {:mimerl, "1.0.2", [hex: :mimerl, optional: false]}, {:ssl_verify_fun, "1.1.0", [hex: :ssl_verify_fun, optional: false]}]},
  "httpoison": {:hex, :httpoison, "0.8.3", "b675a3fdc839a0b8d7a285c6b3747d6d596ae70b6ccb762233a990d7289ccae4", [:mix], [{:hackney, "~> 1.6.0", [hex: :hackney, optional: false]}]},
  "idna": {:hex, :idna, "1.2.0", "ac62ee99da068f43c50dc69acf700e03a62a348360126260e87f2b54eced86b2", [:rebar3], []},
  "maru": {:hex, :maru, "0.10.3", "10e319253cc1f14172508ed12009d098211cb4d290d681c9d5c2a74662db2817", [:mix], [{:cowboy, "~> 1.0", [hex: :cowboy, optional: false]}, {:plug, "~> 1.0", [hex: :plug, optional: false]}, {:poison, "~> 1.5 or ~> 2.0", [hex: :poison, optional: false]}]},
  "metrics": {:hex, :metrics, "1.0.1", "25f094dea2cda98213cecc3aeff09e940299d950904393b2a29d191c346a8486", [:rebar3], []},
  "mimerl": {:hex, :mimerl, "1.0.2", "993f9b0e084083405ed8252b99460c4f0563e41729ab42d9074fd5e52439be88", [:rebar3], []},
  "mochiweb_html": {:hex, :mochiweb_html, "2.15.0", "d7402e967d7f9f2912f8befa813c37be62d5eeeddbbcb6fe986c44e01460d497", [:rebar3], []},
  "parallel": {:hex, :parallel, "0.0.3", "d1c9a03f0fd6c85ba174938b9823db51e01a68f9f0e76e3f3e11989cbeb607e7", [:mix], []},
  "plug": {:hex, :plug, "1.1.6", "8927e4028433fcb859e000b9389ee9c37c80eb28378eeeea31b0273350bf668b", [:mix], [{:cowboy, "~> 1.0", [hex: :cowboy, optional: true]}]},
  "poison": {:hex, :poison, "2.2.0", "4763b69a8a77bd77d26f477d196428b741261a761257ff1cf92753a0d4d24a63", [:mix], []},
  "ranch": {:hex, :ranch, "1.2.1", "a6fb992c10f2187b46ffd17ce398ddf8a54f691b81768f9ef5f461ea7e28c762", [:make], []},
  "scrape": {:hex, :scrape, "1.2.7", "e4077e6daae9fad8535c543f0d18ac2079336ca126a1b44bd70b14b93b25d6be", [:mix], [{:codepagex, "~> 0.1.2", [hex: :codepagex, optional: false]}, {:floki, "~> 0.9", [hex: :floki, optional: false]}, {:httpoison, "~> 0.8", [hex: :httpoison, optional: false]}, {:parallel, "~> 0.0.3", [hex: :parallel, optional: false]}, {:timex, "~> 2.2.1", [hex: :timex, optional: false]}]},
  "ssl_verify_fun": {:hex, :ssl_verify_fun, "1.1.0", "edee20847c42e379bf91261db474ffbe373f8acb56e9079acb6038d4e0bf414f", [:rebar, :make], []},
  "timex": {:hex, :timex, "2.2.1", "0d69012a7fd69f4cbdaa00cc5f2a5f30f1bed56072fb362ed4bddf60db343022", [:mix], [{:combine, "~> 0.7", [hex: :combine, optional: false]}, {:gettext, "~> 0.10", [hex: :gettext, optional: false]}, {:tzdata, "~> 0.1.8 or ~> 0.5", [hex: :tzdata, optional: false]}]},
  "tzdata": {:hex, :tzdata, "0.5.8", "a4ffe564783c6519e4df230a5d0e1cf44b7db7f576bcae76d05540b5da5b6143", [:mix], [{:hackney, "~> 1.0", [hex: :hackney, optional: false]}]}}
